<?xml version="1.0" encoding="UTF-8"?>
<Project ToolsVersion="15.0" xmlns="http://schemas.microsoft.com/developer/msbuild/2003">
  <ItemGroup>
    <CustomBuild Include="C:\Users\colin\Desktop\VKRT\src\lib\glfw-3.2.1\CMakeFiles\1095306b317d2cf8b086c6c46461f7ed\INSTALL_force.rule">
      <Filter>CMake Rules</Filter>
    </CustomBuild>
  </ItemGroup>
  <ItemGroup>
    <Filter Include="CMake Rules">
      <UniqueIdentifier>{09B2755E-39FF-3FBF-98FE-81CD0D6258C1}</UniqueIdentifier>
    </Filter>
  </ItemGroup>
</Project>
