Microsoft Visual Studio Solution File, Format Version 12.00
# Visual Studio 15
Project("{2150E333-8FDC-42A3-9474-1A3956D46DE8}") = "CMakePredefinedTargets", "CMakePredefinedTargets", "{A170D607-0526-3FB2-A913-0EC922E049D6}"
EndProject
Project("{2150E333-8FDC-42A3-9474-1A3956D46DE8}") = "GLFW3", "GLFW3", "{96D1B119-EFEB-3BC2-89E1-CECFE49A24DC}"
EndProject
Project("{2150E333-8FDC-42A3-9474-1A3956D46DE8}") = "Examples", "GLFW3\Examples", "{88357AEA-3E2C-3AF9-B1F2-1F5FCCE5E2CE}"
EndProject
Project("{2150E333-8FDC-42A3-9474-1A3956D46DE8}") = "Tests", "GLFW3\Tests", "{1B6CAD0F-CE50-340C-86FE-5FF1269E26EE}"
EndProject
Project("{8BC9CEB8-8B4A-11D0-8D11-00A0C91BC942}") = "ALL_BUILD", "ALL_BUILD.vcxproj", "{F5EF912B-4AC3-3D3F-BE87-4895FAF0DCF2}"
	ProjectSection(ProjectDependencies) = postProject
		{42D0B08A-F448-3144-A1E7-10B90E490AE4} = {42D0B08A-F448-3144-A1E7-10B90E490AE4}
		{0D845035-2A45-33C1-8017-9AACBB12844C} = {0D845035-2A45-33C1-8017-9AACBB12844C}
		{B26D09DF-28AE-3EB8-B415-3C97025F942D} = {B26D09DF-28AE-3EB8-B415-3C97025F942D}
		{F0271442-D51A-325D-BA7A-B38F75153CD4} = {F0271442-D51A-325D-BA7A-B38F75153CD4}
		{E6CAB6B1-F77B-3D82-8B13-C980E380FDA4} = {E6CAB6B1-F77B-3D82-8B13-C980E380FDA4}
		{18CE5A7B-1F12-3548-B0C3-2918309A1BC3} = {18CE5A7B-1F12-3548-B0C3-2918309A1BC3}
		{BA8B20FD-269A-3208-9D6B-68A9F3437A8D} = {BA8B20FD-269A-3208-9D6B-68A9F3437A8D}
		{E1CD0D9F-B40F-3C50-A988-1459A5EE28E4} = {E1CD0D9F-B40F-3C50-A988-1459A5EE28E4}
		{B7B2BCDB-0EC0-34C9-9044-AB4E09A19D47} = {B7B2BCDB-0EC0-34C9-9044-AB4E09A19D47}
		{39F63CF5-A879-31FD-AE85-4B1D8CB23E73} = {39F63CF5-A879-31FD-AE85-4B1D8CB23E73}
		{21F4B1CE-0C98-360E-BBAA-5687FECE1E65} = {21F4B1CE-0C98-360E-BBAA-5687FECE1E65}
		{F059E1AC-8B43-3495-B16E-F348EBA124EC} = {F059E1AC-8B43-3495-B16E-F348EBA124EC}
		{DDF74EAD-43E8-359A-9F6E-251CB3D8EFEF} = {DDF74EAD-43E8-359A-9F6E-251CB3D8EFEF}
		{A3260F06-4896-36B1-8599-9FCE44C3743C} = {A3260F06-4896-36B1-8599-9FCE44C3743C}
		{6BE738A9-5E6E-3AC6-9142-5911F7E86F04} = {6BE738A9-5E6E-3AC6-9142-5911F7E86F04}
		{AE608467-8D1E-34F5-AC14-2F1F698BAA74} = {AE608467-8D1E-34F5-AC14-2F1F698BAA74}
		{B31B0932-D2D9-311E-A87D-F58F9A445C82} = {B31B0932-D2D9-311E-A87D-F58F9A445C82}
		{0F7F97D0-A5F2-3F53-95A0-8F670A6E22B5} = {0F7F97D0-A5F2-3F53-95A0-8F670A6E22B5}
		{9B984373-E37C-3DFE-B518-244E5D40EB1E} = {9B984373-E37C-3DFE-B518-244E5D40EB1E}
		{9D7DB566-DA03-3C3A-BCD2-0C9E36AF05B8} = {9D7DB566-DA03-3C3A-BCD2-0C9E36AF05B8}
		{8FD87EAC-5B11-3019-AD20-9FD92749F646} = {8FD87EAC-5B11-3019-AD20-9FD92749F646}
		{C076A276-093F-3339-9A93-24D18995837D} = {C076A276-093F-3339-9A93-24D18995837D}
		{3C4EDB1B-9383-38EA-9908-8DED30A1C0E7} = {3C4EDB1B-9383-38EA-9908-8DED30A1C0E7}
		{47A9DAB2-55B3-3DD1-9974-6087CE119B9A} = {47A9DAB2-55B3-3DD1-9974-6087CE119B9A}
		{99200796-A0AF-3BD2-98E0-22A0F8D9B1F1} = {99200796-A0AF-3BD2-98E0-22A0F8D9B1F1}
		{16F3B104-2129-3B09-A54D-DCAC30C451E0} = {16F3B104-2129-3B09-A54D-DCAC30C451E0}
		{55D9E482-E758-3FAB-AD2E-84CD8BC3ECA6} = {55D9E482-E758-3FAB-AD2E-84CD8BC3ECA6}
	EndProjectSection
EndProject
Project("{8BC9CEB8-8B4A-11D0-8D11-00A0C91BC942}") = "INSTALL", "INSTALL.vcxproj", "{6AA69181-5641-34C7-B4C2-370AF8DC1906}"
	ProjectSection(ProjectDependencies) = postProject
		{F5EF912B-4AC3-3D3F-BE87-4895FAF0DCF2} = {F5EF912B-4AC3-3D3F-BE87-4895FAF0DCF2}
		{42D0B08A-F448-3144-A1E7-10B90E490AE4} = {42D0B08A-F448-3144-A1E7-10B90E490AE4}
	EndProjectSection
EndProject
Project("{8BC9CEB8-8B4A-11D0-8D11-00A0C91BC942}") = "ZERO_CHECK", "ZERO_CHECK.vcxproj", "{42D0B08A-F448-3144-A1E7-10B90E490AE4}"
	ProjectSection(ProjectDependencies) = postProject
	EndProjectSection
EndProject
Project("{8BC9CEB8-8B4A-11D0-8D11-00A0C91BC942}") = "boing", "examples\boing.vcxproj", "{0D845035-2A45-33C1-8017-9AACBB12844C}"
	ProjectSection(ProjectDependencies) = postProject
		{42D0B08A-F448-3144-A1E7-10B90E490AE4} = {42D0B08A-F448-3144-A1E7-10B90E490AE4}
		{B7B2BCDB-0EC0-34C9-9044-AB4E09A19D47} = {B7B2BCDB-0EC0-34C9-9044-AB4E09A19D47}
	EndProjectSection
EndProject
Project("{8BC9CEB8-8B4A-11D0-8D11-00A0C91BC942}") = "clipboard", "tests\clipboard.vcxproj", "{B26D09DF-28AE-3EB8-B415-3C97025F942D}"
	ProjectSection(ProjectDependencies) = postProject
		{42D0B08A-F448-3144-A1E7-10B90E490AE4} = {42D0B08A-F448-3144-A1E7-10B90E490AE4}
		{B7B2BCDB-0EC0-34C9-9044-AB4E09A19D47} = {B7B2BCDB-0EC0-34C9-9044-AB4E09A19D47}
	EndProjectSection
EndProject
Project("{8BC9CEB8-8B4A-11D0-8D11-00A0C91BC942}") = "cursor", "tests\cursor.vcxproj", "{F0271442-D51A-325D-BA7A-B38F75153CD4}"
	ProjectSection(ProjectDependencies) = postProject
		{42D0B08A-F448-3144-A1E7-10B90E490AE4} = {42D0B08A-F448-3144-A1E7-10B90E490AE4}
		{B7B2BCDB-0EC0-34C9-9044-AB4E09A19D47} = {B7B2BCDB-0EC0-34C9-9044-AB4E09A19D47}
	EndProjectSection
EndProject
Project("{8BC9CEB8-8B4A-11D0-8D11-00A0C91BC942}") = "empty", "tests\empty.vcxproj", "{E6CAB6B1-F77B-3D82-8B13-C980E380FDA4}"
	ProjectSection(ProjectDependencies) = postProject
		{42D0B08A-F448-3144-A1E7-10B90E490AE4} = {42D0B08A-F448-3144-A1E7-10B90E490AE4}
		{B7B2BCDB-0EC0-34C9-9044-AB4E09A19D47} = {B7B2BCDB-0EC0-34C9-9044-AB4E09A19D47}
	EndProjectSection
EndProject
Project("{8BC9CEB8-8B4A-11D0-8D11-00A0C91BC942}") = "events", "tests\events.vcxproj", "{18CE5A7B-1F12-3548-B0C3-2918309A1BC3}"
	ProjectSection(ProjectDependencies) = postProject
		{42D0B08A-F448-3144-A1E7-10B90E490AE4} = {42D0B08A-F448-3144-A1E7-10B90E490AE4}
		{B7B2BCDB-0EC0-34C9-9044-AB4E09A19D47} = {B7B2BCDB-0EC0-34C9-9044-AB4E09A19D47}
	EndProjectSection
EndProject
Project("{8BC9CEB8-8B4A-11D0-8D11-00A0C91BC942}") = "gamma", "tests\gamma.vcxproj", "{BA8B20FD-269A-3208-9D6B-68A9F3437A8D}"
	ProjectSection(ProjectDependencies) = postProject
		{42D0B08A-F448-3144-A1E7-10B90E490AE4} = {42D0B08A-F448-3144-A1E7-10B90E490AE4}
		{B7B2BCDB-0EC0-34C9-9044-AB4E09A19D47} = {B7B2BCDB-0EC0-34C9-9044-AB4E09A19D47}
	EndProjectSection
EndProject
Project("{8BC9CEB8-8B4A-11D0-8D11-00A0C91BC942}") = "gears", "examples\gears.vcxproj", "{E1CD0D9F-B40F-3C50-A988-1459A5EE28E4}"
	ProjectSection(ProjectDependencies) = postProject
		{42D0B08A-F448-3144-A1E7-10B90E490AE4} = {42D0B08A-F448-3144-A1E7-10B90E490AE4}
		{B7B2BCDB-0EC0-34C9-9044-AB4E09A19D47} = {B7B2BCDB-0EC0-34C9-9044-AB4E09A19D47}
	EndProjectSection
EndProject
Project("{8BC9CEB8-8B4A-11D0-8D11-00A0C91BC942}") = "glfw", "src\glfw.vcxproj", "{B7B2BCDB-0EC0-34C9-9044-AB4E09A19D47}"
	ProjectSection(ProjectDependencies) = postProject
		{42D0B08A-F448-3144-A1E7-10B90E490AE4} = {42D0B08A-F448-3144-A1E7-10B90E490AE4}
	EndProjectSection
EndProject
Project("{8BC9CEB8-8B4A-11D0-8D11-00A0C91BC942}") = "glfwinfo", "tests\glfwinfo.vcxproj", "{39F63CF5-A879-31FD-AE85-4B1D8CB23E73}"
	ProjectSection(ProjectDependencies) = postProject
		{42D0B08A-F448-3144-A1E7-10B90E490AE4} = {42D0B08A-F448-3144-A1E7-10B90E490AE4}
		{B7B2BCDB-0EC0-34C9-9044-AB4E09A19D47} = {B7B2BCDB-0EC0-34C9-9044-AB4E09A19D47}
	EndProjectSection
EndProject
Project("{8BC9CEB8-8B4A-11D0-8D11-00A0C91BC942}") = "heightmap", "examples\heightmap.vcxproj", "{21F4B1CE-0C98-360E-BBAA-5687FECE1E65}"
	ProjectSection(ProjectDependencies) = postProject
		{42D0B08A-F448-3144-A1E7-10B90E490AE4} = {42D0B08A-F448-3144-A1E7-10B90E490AE4}
		{B7B2BCDB-0EC0-34C9-9044-AB4E09A19D47} = {B7B2BCDB-0EC0-34C9-9044-AB4E09A19D47}
	EndProjectSection
EndProject
Project("{8BC9CEB8-8B4A-11D0-8D11-00A0C91BC942}") = "icon", "tests\icon.vcxproj", "{F059E1AC-8B43-3495-B16E-F348EBA124EC}"
	ProjectSection(ProjectDependencies) = postProject
		{42D0B08A-F448-3144-A1E7-10B90E490AE4} = {42D0B08A-F448-3144-A1E7-10B90E490AE4}
		{B7B2BCDB-0EC0-34C9-9044-AB4E09A19D47} = {B7B2BCDB-0EC0-34C9-9044-AB4E09A19D47}
	EndProjectSection
EndProject
Project("{8BC9CEB8-8B4A-11D0-8D11-00A0C91BC942}") = "iconify", "tests\iconify.vcxproj", "{DDF74EAD-43E8-359A-9F6E-251CB3D8EFEF}"
	ProjectSection(ProjectDependencies) = postProject
		{42D0B08A-F448-3144-A1E7-10B90E490AE4} = {42D0B08A-F448-3144-A1E7-10B90E490AE4}
		{B7B2BCDB-0EC0-34C9-9044-AB4E09A19D47} = {B7B2BCDB-0EC0-34C9-9044-AB4E09A19D47}
	EndProjectSection
EndProject
Project("{8BC9CEB8-8B4A-11D0-8D11-00A0C91BC942}") = "joysticks", "tests\joysticks.vcxproj", "{A3260F06-4896-36B1-8599-9FCE44C3743C}"
	ProjectSection(ProjectDependencies) = postProject
		{42D0B08A-F448-3144-A1E7-10B90E490AE4} = {42D0B08A-F448-3144-A1E7-10B90E490AE4}
		{B7B2BCDB-0EC0-34C9-9044-AB4E09A19D47} = {B7B2BCDB-0EC0-34C9-9044-AB4E09A19D47}
	EndProjectSection
EndProject
Project("{8BC9CEB8-8B4A-11D0-8D11-00A0C91BC942}") = "monitors", "tests\monitors.vcxproj", "{6BE738A9-5E6E-3AC6-9142-5911F7E86F04}"
	ProjectSection(ProjectDependencies) = postProject
		{42D0B08A-F448-3144-A1E7-10B90E490AE4} = {42D0B08A-F448-3144-A1E7-10B90E490AE4}
		{B7B2BCDB-0EC0-34C9-9044-AB4E09A19D47} = {B7B2BCDB-0EC0-34C9-9044-AB4E09A19D47}
	EndProjectSection
EndProject
Project("{8BC9CEB8-8B4A-11D0-8D11-00A0C91BC942}") = "msaa", "tests\msaa.vcxproj", "{AE608467-8D1E-34F5-AC14-2F1F698BAA74}"
	ProjectSection(ProjectDependencies) = postProject
		{42D0B08A-F448-3144-A1E7-10B90E490AE4} = {42D0B08A-F448-3144-A1E7-10B90E490AE4}
		{B7B2BCDB-0EC0-34C9-9044-AB4E09A19D47} = {B7B2BCDB-0EC0-34C9-9044-AB4E09A19D47}
	EndProjectSection
EndProject
Project("{8BC9CEB8-8B4A-11D0-8D11-00A0C91BC942}") = "particles", "examples\particles.vcxproj", "{B31B0932-D2D9-311E-A87D-F58F9A445C82}"
	ProjectSection(ProjectDependencies) = postProject
		{42D0B08A-F448-3144-A1E7-10B90E490AE4} = {42D0B08A-F448-3144-A1E7-10B90E490AE4}
		{B7B2BCDB-0EC0-34C9-9044-AB4E09A19D47} = {B7B2BCDB-0EC0-34C9-9044-AB4E09A19D47}
	EndProjectSection
EndProject
Project("{8BC9CEB8-8B4A-11D0-8D11-00A0C91BC942}") = "reopen", "tests\reopen.vcxproj", "{0F7F97D0-A5F2-3F53-95A0-8F670A6E22B5}"
	ProjectSection(ProjectDependencies) = postProject
		{42D0B08A-F448-3144-A1E7-10B90E490AE4} = {42D0B08A-F448-3144-A1E7-10B90E490AE4}
		{B7B2BCDB-0EC0-34C9-9044-AB4E09A19D47} = {B7B2BCDB-0EC0-34C9-9044-AB4E09A19D47}
	EndProjectSection
EndProject
Project("{8BC9CEB8-8B4A-11D0-8D11-00A0C91BC942}") = "sharing", "tests\sharing.vcxproj", "{9B984373-E37C-3DFE-B518-244E5D40EB1E}"
	ProjectSection(ProjectDependencies) = postProject
		{42D0B08A-F448-3144-A1E7-10B90E490AE4} = {42D0B08A-F448-3144-A1E7-10B90E490AE4}
		{B7B2BCDB-0EC0-34C9-9044-AB4E09A19D47} = {B7B2BCDB-0EC0-34C9-9044-AB4E09A19D47}
	EndProjectSection
EndProject
Project("{8BC9CEB8-8B4A-11D0-8D11-00A0C91BC942}") = "simple", "examples\simple.vcxproj", "{9D7DB566-DA03-3C3A-BCD2-0C9E36AF05B8}"
	ProjectSection(ProjectDependencies) = postProject
		{42D0B08A-F448-3144-A1E7-10B90E490AE4} = {42D0B08A-F448-3144-A1E7-10B90E490AE4}
		{B7B2BCDB-0EC0-34C9-9044-AB4E09A19D47} = {B7B2BCDB-0EC0-34C9-9044-AB4E09A19D47}
	EndProjectSection
EndProject
Project("{8BC9CEB8-8B4A-11D0-8D11-00A0C91BC942}") = "splitview", "examples\splitview.vcxproj", "{8FD87EAC-5B11-3019-AD20-9FD92749F646}"
	ProjectSection(ProjectDependencies) = postProject
		{42D0B08A-F448-3144-A1E7-10B90E490AE4} = {42D0B08A-F448-3144-A1E7-10B90E490AE4}
		{B7B2BCDB-0EC0-34C9-9044-AB4E09A19D47} = {B7B2BCDB-0EC0-34C9-9044-AB4E09A19D47}
	EndProjectSection
EndProject
Project("{8BC9CEB8-8B4A-11D0-8D11-00A0C91BC942}") = "tearing", "tests\tearing.vcxproj", "{C076A276-093F-3339-9A93-24D18995837D}"
	ProjectSection(ProjectDependencies) = postProject
		{42D0B08A-F448-3144-A1E7-10B90E490AE4} = {42D0B08A-F448-3144-A1E7-10B90E490AE4}
		{B7B2BCDB-0EC0-34C9-9044-AB4E09A19D47} = {B7B2BCDB-0EC0-34C9-9044-AB4E09A19D47}
	EndProjectSection
EndProject
Project("{8BC9CEB8-8B4A-11D0-8D11-00A0C91BC942}") = "threads", "tests\threads.vcxproj", "{3C4EDB1B-9383-38EA-9908-8DED30A1C0E7}"
	ProjectSection(ProjectDependencies) = postProject
		{42D0B08A-F448-3144-A1E7-10B90E490AE4} = {42D0B08A-F448-3144-A1E7-10B90E490AE4}
		{B7B2BCDB-0EC0-34C9-9044-AB4E09A19D47} = {B7B2BCDB-0EC0-34C9-9044-AB4E09A19D47}
	EndProjectSection
EndProject
Project("{8BC9CEB8-8B4A-11D0-8D11-00A0C91BC942}") = "timeout", "tests\timeout.vcxproj", "{47A9DAB2-55B3-3DD1-9974-6087CE119B9A}"
	ProjectSection(ProjectDependencies) = postProject
		{42D0B08A-F448-3144-A1E7-10B90E490AE4} = {42D0B08A-F448-3144-A1E7-10B90E490AE4}
		{B7B2BCDB-0EC0-34C9-9044-AB4E09A19D47} = {B7B2BCDB-0EC0-34C9-9044-AB4E09A19D47}
	EndProjectSection
EndProject
Project("{8BC9CEB8-8B4A-11D0-8D11-00A0C91BC942}") = "title", "tests\title.vcxproj", "{99200796-A0AF-3BD2-98E0-22A0F8D9B1F1}"
	ProjectSection(ProjectDependencies) = postProject
		{42D0B08A-F448-3144-A1E7-10B90E490AE4} = {42D0B08A-F448-3144-A1E7-10B90E490AE4}
		{B7B2BCDB-0EC0-34C9-9044-AB4E09A19D47} = {B7B2BCDB-0EC0-34C9-9044-AB4E09A19D47}
	EndProjectSection
EndProject
Project("{8BC9CEB8-8B4A-11D0-8D11-00A0C91BC942}") = "uninstall", "uninstall.vcxproj", "{15F2F653-A8B5-3B88-B398-B1AA37FE5AEA}"
	ProjectSection(ProjectDependencies) = postProject
		{42D0B08A-F448-3144-A1E7-10B90E490AE4} = {42D0B08A-F448-3144-A1E7-10B90E490AE4}
	EndProjectSection
EndProject
Project("{8BC9CEB8-8B4A-11D0-8D11-00A0C91BC942}") = "wave", "examples\wave.vcxproj", "{16F3B104-2129-3B09-A54D-DCAC30C451E0}"
	ProjectSection(ProjectDependencies) = postProject
		{42D0B08A-F448-3144-A1E7-10B90E490AE4} = {42D0B08A-F448-3144-A1E7-10B90E490AE4}
		{B7B2BCDB-0EC0-34C9-9044-AB4E09A19D47} = {B7B2BCDB-0EC0-34C9-9044-AB4E09A19D47}
	EndProjectSection
EndProject
Project("{8BC9CEB8-8B4A-11D0-8D11-00A0C91BC942}") = "windows", "tests\windows.vcxproj", "{55D9E482-E758-3FAB-AD2E-84CD8BC3ECA6}"
	ProjectSection(ProjectDependencies) = postProject
		{42D0B08A-F448-3144-A1E7-10B90E490AE4} = {42D0B08A-F448-3144-A1E7-10B90E490AE4}
		{B7B2BCDB-0EC0-34C9-9044-AB4E09A19D47} = {B7B2BCDB-0EC0-34C9-9044-AB4E09A19D47}
	EndProjectSection
EndProject
Global
	GlobalSection(SolutionConfigurationPlatforms) = preSolution
		Debug|Win32 = Debug|Win32
		Release|Win32 = Release|Win32
		MinSizeRel|Win32 = MinSizeRel|Win32
		RelWithDebInfo|Win32 = RelWithDebInfo|Win32
	EndGlobalSection
	GlobalSection(ProjectConfigurationPlatforms) = postSolution
		{F5EF912B-4AC3-3D3F-BE87-4895FAF0DCF2}.Debug|Win32.ActiveCfg = Debug|Win32
		{F5EF912B-4AC3-3D3F-BE87-4895FAF0DCF2}.Debug|Win32.Build.0 = Debug|Win32
		{F5EF912B-4AC3-3D3F-BE87-4895FAF0DCF2}.Release|Win32.ActiveCfg = Release|Win32
		{F5EF912B-4AC3-3D3F-BE87-4895FAF0DCF2}.Release|Win32.Build.0 = Release|Win32
		{F5EF912B-4AC3-3D3F-BE87-4895FAF0DCF2}.MinSizeRel|Win32.ActiveCfg = MinSizeRel|Win32
		{F5EF912B-4AC3-3D3F-BE87-4895FAF0DCF2}.MinSizeRel|Win32.Build.0 = MinSizeRel|Win32
		{F5EF912B-4AC3-3D3F-BE87-4895FAF0DCF2}.RelWithDebInfo|Win32.ActiveCfg = RelWithDebInfo|Win32
		{F5EF912B-4AC3-3D3F-BE87-4895FAF0DCF2}.RelWithDebInfo|Win32.Build.0 = RelWithDebInfo|Win32
		{6AA69181-5641-34C7-B4C2-370AF8DC1906}.Debug|Win32.ActiveCfg = Debug|Win32
		{6AA69181-5641-34C7-B4C2-370AF8DC1906}.Release|Win32.ActiveCfg = Release|Win32
		{6AA69181-5641-34C7-B4C2-370AF8DC1906}.MinSizeRel|Win32.ActiveCfg = MinSizeRel|Win32
		{6AA69181-5641-34C7-B4C2-370AF8DC1906}.RelWithDebInfo|Win32.ActiveCfg = RelWithDebInfo|Win32
		{42D0B08A-F448-3144-A1E7-10B90E490AE4}.Debug|Win32.ActiveCfg = Debug|Win32
		{42D0B08A-F448-3144-A1E7-10B90E490AE4}.Debug|Win32.Build.0 = Debug|Win32
		{42D0B08A-F448-3144-A1E7-10B90E490AE4}.Release|Win32.ActiveCfg = Release|Win32
		{42D0B08A-F448-3144-A1E7-10B90E490AE4}.Release|Win32.Build.0 = Release|Win32
		{42D0B08A-F448-3144-A1E7-10B90E490AE4}.MinSizeRel|Win32.ActiveCfg = MinSizeRel|Win32
		{42D0B08A-F448-3144-A1E7-10B90E490AE4}.MinSizeRel|Win32.Build.0 = MinSizeRel|Win32
		{42D0B08A-F448-3144-A1E7-10B90E490AE4}.RelWithDebInfo|Win32.ActiveCfg = RelWithDebInfo|Win32
		{42D0B08A-F448-3144-A1E7-10B90E490AE4}.RelWithDebInfo|Win32.Build.0 = RelWithDebInfo|Win32
		{0D845035-2A45-33C1-8017-9AACBB12844C}.Debug|Win32.ActiveCfg = Debug|Win32
		{0D845035-2A45-33C1-8017-9AACBB12844C}.Debug|Win32.Build.0 = Debug|Win32
		{0D845035-2A45-33C1-8017-9AACBB12844C}.Release|Win32.ActiveCfg = Release|Win32
		{0D845035-2A45-33C1-8017-9AACBB12844C}.Release|Win32.Build.0 = Release|Win32
		{0D845035-2A45-33C1-8017-9AACBB12844C}.MinSizeRel|Win32.ActiveCfg = MinSizeRel|Win32
		{0D845035-2A45-33C1-8017-9AACBB12844C}.MinSizeRel|Win32.Build.0 = MinSizeRel|Win32
		{0D845035-2A45-33C1-8017-9AACBB12844C}.RelWithDebInfo|Win32.ActiveCfg = RelWithDebInfo|Win32
		{0D845035-2A45-33C1-8017-9AACBB12844C}.RelWithDebInfo|Win32.Build.0 = RelWithDebInfo|Win32
		{B26D09DF-28AE-3EB8-B415-3C97025F942D}.Debug|Win32.ActiveCfg = Debug|Win32
		{B26D09DF-28AE-3EB8-B415-3C97025F942D}.Debug|Win32.Build.0 = Debug|Win32
		{B26D09DF-28AE-3EB8-B415-3C97025F942D}.Release|Win32.ActiveCfg = Release|Win32
		{B26D09DF-28AE-3EB8-B415-3C97025F942D}.Release|Win32.Build.0 = Release|Win32
		{B26D09DF-28AE-3EB8-B415-3C97025F942D}.MinSizeRel|Win32.ActiveCfg = MinSizeRel|Win32
		{B26D09DF-28AE-3EB8-B415-3C97025F942D}.MinSizeRel|Win32.Build.0 = MinSizeRel|Win32
		{B26D09DF-28AE-3EB8-B415-3C97025F942D}.RelWithDebInfo|Win32.ActiveCfg = RelWithDebInfo|Win32
		{B26D09DF-28AE-3EB8-B415-3C97025F942D}.RelWithDebInfo|Win32.Build.0 = RelWithDebInfo|Win32
		{F0271442-D51A-325D-BA7A-B38F75153CD4}.Debug|Win32.ActiveCfg = Debug|Win32
		{F0271442-D51A-325D-BA7A-B38F75153CD4}.Debug|Win32.Build.0 = Debug|Win32
		{F0271442-D51A-325D-BA7A-B38F75153CD4}.Release|Win32.ActiveCfg = Release|Win32
		{F0271442-D51A-325D-BA7A-B38F75153CD4}.Release|Win32.Build.0 = Release|Win32
		{F0271442-D51A-325D-BA7A-B38F75153CD4}.MinSizeRel|Win32.ActiveCfg = MinSizeRel|Win32
		{F0271442-D51A-325D-BA7A-B38F75153CD4}.MinSizeRel|Win32.Build.0 = MinSizeRel|Win32
		{F0271442-D51A-325D-BA7A-B38F75153CD4}.RelWithDebInfo|Win32.ActiveCfg = RelWithDebInfo|Win32
		{F0271442-D51A-325D-BA7A-B38F75153CD4}.RelWithDebInfo|Win32.Build.0 = RelWithDebInfo|Win32
		{E6CAB6B1-F77B-3D82-8B13-C980E380FDA4}.Debug|Win32.ActiveCfg = Debug|Win32
		{E6CAB6B1-F77B-3D82-8B13-C980E380FDA4}.Debug|Win32.Build.0 = Debug|Win32
		{E6CAB6B1-F77B-3D82-8B13-C980E380FDA4}.Release|Win32.ActiveCfg = Release|Win32
		{E6CAB6B1-F77B-3D82-8B13-C980E380FDA4}.Release|Win32.Build.0 = Release|Win32
		{E6CAB6B1-F77B-3D82-8B13-C980E380FDA4}.MinSizeRel|Win32.ActiveCfg = MinSizeRel|Win32
		{E6CAB6B1-F77B-3D82-8B13-C980E380FDA4}.MinSizeRel|Win32.Build.0 = MinSizeRel|Win32
		{E6CAB6B1-F77B-3D82-8B13-C980E380FDA4}.RelWithDebInfo|Win32.ActiveCfg = RelWithDebInfo|Win32
		{E6CAB6B1-F77B-3D82-8B13-C980E380FDA4}.RelWithDebInfo|Win32.Build.0 = RelWithDebInfo|Win32
		{18CE5A7B-1F12-3548-B0C3-2918309A1BC3}.Debug|Win32.ActiveCfg = Debug|Win32
		{18CE5A7B-1F12-3548-B0C3-2918309A1BC3}.Debug|Win32.Build.0 = Debug|Win32
		{18CE5A7B-1F12-3548-B0C3-2918309A1BC3}.Release|Win32.ActiveCfg = Release|Win32
		{18CE5A7B-1F12-3548-B0C3-2918309A1BC3}.Release|Win32.Build.0 = Release|Win32
		{18CE5A7B-1F12-3548-B0C3-2918309A1BC3}.MinSizeRel|Win32.ActiveCfg = MinSizeRel|Win32
		{18CE5A7B-1F12-3548-B0C3-2918309A1BC3}.MinSizeRel|Win32.Build.0 = MinSizeRel|Win32
		{18CE5A7B-1F12-3548-B0C3-2918309A1BC3}.RelWithDebInfo|Win32.ActiveCfg = RelWithDebInfo|Win32
		{18CE5A7B-1F12-3548-B0C3-2918309A1BC3}.RelWithDebInfo|Win32.Build.0 = RelWithDebInfo|Win32
		{BA8B20FD-269A-3208-9D6B-68A9F3437A8D}.Debug|Win32.ActiveCfg = Debug|Win32
		{BA8B20FD-269A-3208-9D6B-68A9F3437A8D}.Debug|Win32.Build.0 = Debug|Win32
		{BA8B20FD-269A-3208-9D6B-68A9F3437A8D}.Release|Win32.ActiveCfg = Release|Win32
		{BA8B20FD-269A-3208-9D6B-68A9F3437A8D}.Release|Win32.Build.0 = Release|Win32
		{BA8B20FD-269A-3208-9D6B-68A9F3437A8D}.MinSizeRel|Win32.ActiveCfg = MinSizeRel|Win32
		{BA8B20FD-269A-3208-9D6B-68A9F3437A8D}.MinSizeRel|Win32.Build.0 = MinSizeRel|Win32
		{BA8B20FD-269A-3208-9D6B-68A9F3437A8D}.RelWithDebInfo|Win32.ActiveCfg = RelWithDebInfo|Win32
		{BA8B20FD-269A-3208-9D6B-68A9F3437A8D}.RelWithDebInfo|Win32.Build.0 = RelWithDebInfo|Win32
		{E1CD0D9F-B40F-3C50-A988-1459A5EE28E4}.Debug|Win32.ActiveCfg = Debug|Win32
		{E1CD0D9F-B40F-3C50-A988-1459A5EE28E4}.Debug|Win32.Build.0 = Debug|Win32
		{E1CD0D9F-B40F-3C50-A988-1459A5EE28E4}.Release|Win32.ActiveCfg = Release|Win32
		{E1CD0D9F-B40F-3C50-A988-1459A5EE28E4}.Release|Win32.Build.0 = Release|Win32
		{E1CD0D9F-B40F-3C50-A988-1459A5EE28E4}.MinSizeRel|Win32.ActiveCfg = MinSizeRel|Win32
		{E1CD0D9F-B40F-3C50-A988-1459A5EE28E4}.MinSizeRel|Win32.Build.0 = MinSizeRel|Win32
		{E1CD0D9F-B40F-3C50-A988-1459A5EE28E4}.RelWithDebInfo|Win32.ActiveCfg = RelWithDebInfo|Win32
		{E1CD0D9F-B40F-3C50-A988-1459A5EE28E4}.RelWithDebInfo|Win32.Build.0 = RelWithDebInfo|Win32
		{B7B2BCDB-0EC0-34C9-9044-AB4E09A19D47}.Debug|Win32.ActiveCfg = Debug|Win32
		{B7B2BCDB-0EC0-34C9-9044-AB4E09A19D47}.Debug|Win32.Build.0 = Debug|Win32
		{B7B2BCDB-0EC0-34C9-9044-AB4E09A19D47}.Release|Win32.ActiveCfg = Release|Win32
		{B7B2BCDB-0EC0-34C9-9044-AB4E09A19D47}.Release|Win32.Build.0 = Release|Win32
		{B7B2BCDB-0EC0-34C9-9044-AB4E09A19D47}.MinSizeRel|Win32.ActiveCfg = MinSizeRel|Win32
		{B7B2BCDB-0EC0-34C9-9044-AB4E09A19D47}.MinSizeRel|Win32.Build.0 = MinSizeRel|Win32
		{B7B2BCDB-0EC0-34C9-9044-AB4E09A19D47}.RelWithDebInfo|Win32.ActiveCfg = RelWithDebInfo|Win32
		{B7B2BCDB-0EC0-34C9-9044-AB4E09A19D47}.RelWithDebInfo|Win32.Build.0 = RelWithDebInfo|Win32
		{39F63CF5-A879-31FD-AE85-4B1D8CB23E73}.Debug|Win32.ActiveCfg = Debug|Win32
		{39F63CF5-A879-31FD-AE85-4B1D8CB23E73}.Debug|Win32.Build.0 = Debug|Win32
		{39F63CF5-A879-31FD-AE85-4B1D8CB23E73}.Release|Win32.ActiveCfg = Release|Win32
		{39F63CF5-A879-31FD-AE85-4B1D8CB23E73}.Release|Win32.Build.0 = Release|Win32
		{39F63CF5-A879-31FD-AE85-4B1D8CB23E73}.MinSizeRel|Win32.ActiveCfg = MinSizeRel|Win32
		{39F63CF5-A879-31FD-AE85-4B1D8CB23E73}.MinSizeRel|Win32.Build.0 = MinSizeRel|Win32
		{39F63CF5-A879-31FD-AE85-4B1D8CB23E73}.RelWithDebInfo|Win32.ActiveCfg = RelWithDebInfo|Win32
		{39F63CF5-A879-31FD-AE85-4B1D8CB23E73}.RelWithDebInfo|Win32.Build.0 = RelWithDebInfo|Win32
		{21F4B1CE-0C98-360E-BBAA-5687FECE1E65}.Debug|Win32.ActiveCfg = Debug|Win32
		{21F4B1CE-0C98-360E-BBAA-5687FECE1E65}.Debug|Win32.Build.0 = Debug|Win32
		{21F4B1CE-0C98-360E-BBAA-5687FECE1E65}.Release|Win32.ActiveCfg = Release|Win32
		{21F4B1CE-0C98-360E-BBAA-5687FECE1E65}.Release|Win32.Build.0 = Release|Win32
		{21F4B1CE-0C98-360E-BBAA-5687FECE1E65}.MinSizeRel|Win32.ActiveCfg = MinSizeRel|Win32
		{21F4B1CE-0C98-360E-BBAA-5687FECE1E65}.MinSizeRel|Win32.Build.0 = MinSizeRel|Win32
		{21F4B1CE-0C98-360E-BBAA-5687FECE1E65}.RelWithDebInfo|Win32.ActiveCfg = RelWithDebInfo|Win32
		{21F4B1CE-0C98-360E-BBAA-5687FECE1E65}.RelWithDebInfo|Win32.Build.0 = RelWithDebInfo|Win32
		{F059E1AC-8B43-3495-B16E-F348EBA124EC}.Debug|Win32.ActiveCfg = Debug|Win32
		{F059E1AC-8B43-3495-B16E-F348EBA124EC}.Debug|Win32.Build.0 = Debug|Win32
		{F059E1AC-8B43-3495-B16E-F348EBA124EC}.Release|Win32.ActiveCfg = Release|Win32
		{F059E1AC-8B43-3495-B16E-F348EBA124EC}.Release|Win32.Build.0 = Release|Win32
		{F059E1AC-8B43-3495-B16E-F348EBA124EC}.MinSizeRel|Win32.ActiveCfg = MinSizeRel|Win32
		{F059E1AC-8B43-3495-B16E-F348EBA124EC}.MinSizeRel|Win32.Build.0 = MinSizeRel|Win32
		{F059E1AC-8B43-3495-B16E-F348EBA124EC}.RelWithDebInfo|Win32.ActiveCfg = RelWithDebInfo|Win32
		{F059E1AC-8B43-3495-B16E-F348EBA124EC}.RelWithDebInfo|Win32.Build.0 = RelWithDebInfo|Win32
		{DDF74EAD-43E8-359A-9F6E-251CB3D8EFEF}.Debug|Win32.ActiveCfg = Debug|Win32
		{DDF74EAD-43E8-359A-9F6E-251CB3D8EFEF}.Debug|Win32.Build.0 = Debug|Win32
		{DDF74EAD-43E8-359A-9F6E-251CB3D8EFEF}.Release|Win32.ActiveCfg = Release|Win32
		{DDF74EAD-43E8-359A-9F6E-251CB3D8EFEF}.Release|Win32.Build.0 = Release|Win32
		{DDF74EAD-43E8-359A-9F6E-251CB3D8EFEF}.MinSizeRel|Win32.ActiveCfg = MinSizeRel|Win32
		{DDF74EAD-43E8-359A-9F6E-251CB3D8EFEF}.MinSizeRel|Win32.Build.0 = MinSizeRel|Win32
		{DDF74EAD-43E8-359A-9F6E-251CB3D8EFEF}.RelWithDebInfo|Win32.ActiveCfg = RelWithDebInfo|Win32
		{DDF74EAD-43E8-359A-9F6E-251CB3D8EFEF}.RelWithDebInfo|Win32.Build.0 = RelWithDebInfo|Win32
		{A3260F06-4896-36B1-8599-9FCE44C3743C}.Debug|Win32.ActiveCfg = Debug|Win32
		{A3260F06-4896-36B1-8599-9FCE44C3743C}.Debug|Win32.Build.0 = Debug|Win32
		{A3260F06-4896-36B1-8599-9FCE44C3743C}.Release|Win32.ActiveCfg = Release|Win32
		{A3260F06-4896-36B1-8599-9FCE44C3743C}.Release|Win32.Build.0 = Release|Win32
		{A3260F06-4896-36B1-8599-9FCE44C3743C}.MinSizeRel|Win32.ActiveCfg = MinSizeRel|Win32
		{A3260F06-4896-36B1-8599-9FCE44C3743C}.MinSizeRel|Win32.Build.0 = MinSizeRel|Win32
		{A3260F06-4896-36B1-8599-9FCE44C3743C}.RelWithDebInfo|Win32.ActiveCfg = RelWithDebInfo|Win32
		{A3260F06-4896-36B1-8599-9FCE44C3743C}.RelWithDebInfo|Win32.Build.0 = RelWithDebInfo|Win32
		{6BE738A9-5E6E-3AC6-9142-5911F7E86F04}.Debug|Win32.ActiveCfg = Debug|Win32
		{6BE738A9-5E6E-3AC6-9142-5911F7E86F04}.Debug|Win32.Build.0 = Debug|Win32
		{6BE738A9-5E6E-3AC6-9142-5911F7E86F04}.Release|Win32.ActiveCfg = Release|Win32
		{6BE738A9-5E6E-3AC6-9142-5911F7E86F04}.Release|Win32.Build.0 = Release|Win32
		{6BE738A9-5E6E-3AC6-9142-5911F7E86F04}.MinSizeRel|Win32.ActiveCfg = MinSizeRel|Win32
		{6BE738A9-5E6E-3AC6-9142-5911F7E86F04}.MinSizeRel|Win32.Build.0 = MinSizeRel|Win32
		{6BE738A9-5E6E-3AC6-9142-5911F7E86F04}.RelWithDebInfo|Win32.ActiveCfg = RelWithDebInfo|Win32
		{6BE738A9-5E6E-3AC6-9142-5911F7E86F04}.RelWithDebInfo|Win32.Build.0 = RelWithDebInfo|Win32
		{AE608467-8D1E-34F5-AC14-2F1F698BAA74}.Debug|Win32.ActiveCfg = Debug|Win32
		{AE608467-8D1E-34F5-AC14-2F1F698BAA74}.Debug|Win32.Build.0 = Debug|Win32
		{AE608467-8D1E-34F5-AC14-2F1F698BAA74}.Release|Win32.ActiveCfg = Release|Win32
		{AE608467-8D1E-34F5-AC14-2F1F698BAA74}.Release|Win32.Build.0 = Release|Win32
		{AE608467-8D1E-34F5-AC14-2F1F698BAA74}.MinSizeRel|Win32.ActiveCfg = MinSizeRel|Win32
		{AE608467-8D1E-34F5-AC14-2F1F698BAA74}.MinSizeRel|Win32.Build.0 = MinSizeRel|Win32
		{AE608467-8D1E-34F5-AC14-2F1F698BAA74}.RelWithDebInfo|Win32.ActiveCfg = RelWithDebInfo|Win32
		{AE608467-8D1E-34F5-AC14-2F1F698BAA74}.RelWithDebInfo|Win32.Build.0 = RelWithDebInfo|Win32
		{B31B0932-D2D9-311E-A87D-F58F9A445C82}.Debug|Win32.ActiveCfg = Debug|Win32
		{B31B0932-D2D9-311E-A87D-F58F9A445C82}.Debug|Win32.Build.0 = Debug|Win32
		{B31B0932-D2D9-311E-A87D-F58F9A445C82}.Release|Win32.ActiveCfg = Release|Win32
		{B31B0932-D2D9-311E-A87D-F58F9A445C82}.Release|Win32.Build.0 = Release|Win32
		{B31B0932-D2D9-311E-A87D-F58F9A445C82}.MinSizeRel|Win32.ActiveCfg = MinSizeRel|Win32
		{B31B0932-D2D9-311E-A87D-F58F9A445C82}.MinSizeRel|Win32.Build.0 = MinSizeRel|Win32
		{B31B0932-D2D9-311E-A87D-F58F9A445C82}.RelWithDebInfo|Win32.ActiveCfg = RelWithDebInfo|Win32
		{B31B0932-D2D9-311E-A87D-F58F9A445C82}.RelWithDebInfo|Win32.Build.0 = RelWithDebInfo|Win32
		{0F7F97D0-A5F2-3F53-95A0-8F670A6E22B5}.Debug|Win32.ActiveCfg = Debug|Win32
		{0F7F97D0-A5F2-3F53-95A0-8F670A6E22B5}.Debug|Win32.Build.0 = Debug|Win32
		{0F7F97D0-A5F2-3F53-95A0-8F670A6E22B5}.Release|Win32.ActiveCfg = Release|Win32
		{0F7F97D0-A5F2-3F53-95A0-8F670A6E22B5}.Release|Win32.Build.0 = Release|Win32
		{0F7F97D0-A5F2-3F53-95A0-8F670A6E22B5}.MinSizeRel|Win32.ActiveCfg = MinSizeRel|Win32
		{0F7F97D0-A5F2-3F53-95A0-8F670A6E22B5}.MinSizeRel|Win32.Build.0 = MinSizeRel|Win32
		{0F7F97D0-A5F2-3F53-95A0-8F670A6E22B5}.RelWithDebInfo|Win32.ActiveCfg = RelWithDebInfo|Win32
		{0F7F97D0-A5F2-3F53-95A0-8F670A6E22B5}.RelWithDebInfo|Win32.Build.0 = RelWithDebInfo|Win32
		{9B984373-E37C-3DFE-B518-244E5D40EB1E}.Debug|Win32.ActiveCfg = Debug|Win32
		{9B984373-E37C-3DFE-B518-244E5D40EB1E}.Debug|Win32.Build.0 = Debug|Win32
		{9B984373-E37C-3DFE-B518-244E5D40EB1E}.Release|Win32.ActiveCfg = Release|Win32
		{9B984373-E37C-3DFE-B518-244E5D40EB1E}.Release|Win32.Build.0 = Release|Win32
		{9B984373-E37C-3DFE-B518-244E5D40EB1E}.MinSizeRel|Win32.ActiveCfg = MinSizeRel|Win32
		{9B984373-E37C-3DFE-B518-244E5D40EB1E}.MinSizeRel|Win32.Build.0 = MinSizeRel|Win32
		{9B984373-E37C-3DFE-B518-244E5D40EB1E}.RelWithDebInfo|Win32.ActiveCfg = RelWithDebInfo|Win32
		{9B984373-E37C-3DFE-B518-244E5D40EB1E}.RelWithDebInfo|Win32.Build.0 = RelWithDebInfo|Win32
		{9D7DB566-DA03-3C3A-BCD2-0C9E36AF05B8}.Debug|Win32.ActiveCfg = Debug|Win32
		{9D7DB566-DA03-3C3A-BCD2-0C9E36AF05B8}.Debug|Win32.Build.0 = Debug|Win32
		{9D7DB566-DA03-3C3A-BCD2-0C9E36AF05B8}.Release|Win32.ActiveCfg = Release|Win32
		{9D7DB566-DA03-3C3A-BCD2-0C9E36AF05B8}.Release|Win32.Build.0 = Release|Win32
		{9D7DB566-DA03-3C3A-BCD2-0C9E36AF05B8}.MinSizeRel|Win32.ActiveCfg = MinSizeRel|Win32
		{9D7DB566-DA03-3C3A-BCD2-0C9E36AF05B8}.MinSizeRel|Win32.Build.0 = MinSizeRel|Win32
		{9D7DB566-DA03-3C3A-BCD2-0C9E36AF05B8}.RelWithDebInfo|Win32.ActiveCfg = RelWithDebInfo|Win32
		{9D7DB566-DA03-3C3A-BCD2-0C9E36AF05B8}.RelWithDebInfo|Win32.Build.0 = RelWithDebInfo|Win32
		{8FD87EAC-5B11-3019-AD20-9FD92749F646}.Debug|Win32.ActiveCfg = Debug|Win32
		{8FD87EAC-5B11-3019-AD20-9FD92749F646}.Debug|Win32.Build.0 = Debug|Win32
		{8FD87EAC-5B11-3019-AD20-9FD92749F646}.Release|Win32.ActiveCfg = Release|Win32
		{8FD87EAC-5B11-3019-AD20-9FD92749F646}.Release|Win32.Build.0 = Release|Win32
		{8FD87EAC-5B11-3019-AD20-9FD92749F646}.MinSizeRel|Win32.ActiveCfg = MinSizeRel|Win32
		{8FD87EAC-5B11-3019-AD20-9FD92749F646}.MinSizeRel|Win32.Build.0 = MinSizeRel|Win32
		{8FD87EAC-5B11-3019-AD20-9FD92749F646}.RelWithDebInfo|Win32.ActiveCfg = RelWithDebInfo|Win32
		{8FD87EAC-5B11-3019-AD20-9FD92749F646}.RelWithDebInfo|Win32.Build.0 = RelWithDebInfo|Win32
		{C076A276-093F-3339-9A93-24D18995837D}.Debug|Win32.ActiveCfg = Debug|Win32
		{C076A276-093F-3339-9A93-24D18995837D}.Debug|Win32.Build.0 = Debug|Win32
		{C076A276-093F-3339-9A93-24D18995837D}.Release|Win32.ActiveCfg = Release|Win32
		{C076A276-093F-3339-9A93-24D18995837D}.Release|Win32.Build.0 = Release|Win32
		{C076A276-093F-3339-9A93-24D18995837D}.MinSizeRel|Win32.ActiveCfg = MinSizeRel|Win32
		{C076A276-093F-3339-9A93-24D18995837D}.MinSizeRel|Win32.Build.0 = MinSizeRel|Win32
		{C076A276-093F-3339-9A93-24D18995837D}.RelWithDebInfo|Win32.ActiveCfg = RelWithDebInfo|Win32
		{C076A276-093F-3339-9A93-24D18995837D}.RelWithDebInfo|Win32.Build.0 = RelWithDebInfo|Win32
		{3C4EDB1B-9383-38EA-9908-8DED30A1C0E7}.Debug|Win32.ActiveCfg = Debug|Win32
		{3C4EDB1B-9383-38EA-9908-8DED30A1C0E7}.Debug|Win32.Build.0 = Debug|Win32
		{3C4EDB1B-9383-38EA-9908-8DED30A1C0E7}.Release|Win32.ActiveCfg = Release|Win32
		{3C4EDB1B-9383-38EA-9908-8DED30A1C0E7}.Release|Win32.Build.0 = Release|Win32
		{3C4EDB1B-9383-38EA-9908-8DED30A1C0E7}.MinSizeRel|Win32.ActiveCfg = MinSizeRel|Win32
		{3C4EDB1B-9383-38EA-9908-8DED30A1C0E7}.MinSizeRel|Win32.Build.0 = MinSizeRel|Win32
		{3C4EDB1B-9383-38EA-9908-8DED30A1C0E7}.RelWithDebInfo|Win32.ActiveCfg = RelWithDebInfo|Win32
		{3C4EDB1B-9383-38EA-9908-8DED30A1C0E7}.RelWithDebInfo|Win32.Build.0 = RelWithDebInfo|Win32
		{47A9DAB2-55B3-3DD1-9974-6087CE119B9A}.Debug|Win32.ActiveCfg = Debug|Win32
		{47A9DAB2-55B3-3DD1-9974-6087CE119B9A}.Debug|Win32.Build.0 = Debug|Win32
		{47A9DAB2-55B3-3DD1-9974-6087CE119B9A}.Release|Win32.ActiveCfg = Release|Win32
		{47A9DAB2-55B3-3DD1-9974-6087CE119B9A}.Release|Win32.Build.0 = Release|Win32
		{47A9DAB2-55B3-3DD1-9974-6087CE119B9A}.MinSizeRel|Win32.ActiveCfg = MinSizeRel|Win32
		{47A9DAB2-55B3-3DD1-9974-6087CE119B9A}.MinSizeRel|Win32.Build.0 = MinSizeRel|Win32
		{47A9DAB2-55B3-3DD1-9974-6087CE119B9A}.RelWithDebInfo|Win32.ActiveCfg = RelWithDebInfo|Win32
		{47A9DAB2-55B3-3DD1-9974-6087CE119B9A}.RelWithDebInfo|Win32.Build.0 = RelWithDebInfo|Win32
		{99200796-A0AF-3BD2-98E0-22A0F8D9B1F1}.Debug|Win32.ActiveCfg = Debug|Win32
		{99200796-A0AF-3BD2-98E0-22A0F8D9B1F1}.Debug|Win32.Build.0 = Debug|Win32
		{99200796-A0AF-3BD2-98E0-22A0F8D9B1F1}.Release|Win32.ActiveCfg = Release|Win32
		{99200796-A0AF-3BD2-98E0-22A0F8D9B1F1}.Release|Win32.Build.0 = Release|Win32
		{99200796-A0AF-3BD2-98E0-22A0F8D9B1F1}.MinSizeRel|Win32.ActiveCfg = MinSizeRel|Win32
		{99200796-A0AF-3BD2-98E0-22A0F8D9B1F1}.MinSizeRel|Win32.Build.0 = MinSizeRel|Win32
		{99200796-A0AF-3BD2-98E0-22A0F8D9B1F1}.RelWithDebInfo|Win32.ActiveCfg = RelWithDebInfo|Win32
		{99200796-A0AF-3BD2-98E0-22A0F8D9B1F1}.RelWithDebInfo|Win32.Build.0 = RelWithDebInfo|Win32
		{15F2F653-A8B5-3B88-B398-B1AA37FE5AEA}.Debug|Win32.ActiveCfg = Debug|Win32
		{15F2F653-A8B5-3B88-B398-B1AA37FE5AEA}.Release|Win32.ActiveCfg = Release|Win32
		{15F2F653-A8B5-3B88-B398-B1AA37FE5AEA}.MinSizeRel|Win32.ActiveCfg = MinSizeRel|Win32
		{15F2F653-A8B5-3B88-B398-B1AA37FE5AEA}.RelWithDebInfo|Win32.ActiveCfg = RelWithDebInfo|Win32
		{16F3B104-2129-3B09-A54D-DCAC30C451E0}.Debug|Win32.ActiveCfg = Debug|Win32
		{16F3B104-2129-3B09-A54D-DCAC30C451E0}.Debug|Win32.Build.0 = Debug|Win32
		{16F3B104-2129-3B09-A54D-DCAC30C451E0}.Release|Win32.ActiveCfg = Release|Win32
		{16F3B104-2129-3B09-A54D-DCAC30C451E0}.Release|Win32.Build.0 = Release|Win32
		{16F3B104-2129-3B09-A54D-DCAC30C451E0}.MinSizeRel|Win32.ActiveCfg = MinSizeRel|Win32
		{16F3B104-2129-3B09-A54D-DCAC30C451E0}.MinSizeRel|Win32.Build.0 = MinSizeRel|Win32
		{16F3B104-2129-3B09-A54D-DCAC30C451E0}.RelWithDebInfo|Win32.ActiveCfg = RelWithDebInfo|Win32
		{16F3B104-2129-3B09-A54D-DCAC30C451E0}.RelWithDebInfo|Win32.Build.0 = RelWithDebInfo|Win32
		{55D9E482-E758-3FAB-AD2E-84CD8BC3ECA6}.Debug|Win32.ActiveCfg = Debug|Win32
		{55D9E482-E758-3FAB-AD2E-84CD8BC3ECA6}.Debug|Win32.Build.0 = Debug|Win32
		{55D9E482-E758-3FAB-AD2E-84CD8BC3ECA6}.Release|Win32.ActiveCfg = Release|Win32
		{55D9E482-E758-3FAB-AD2E-84CD8BC3ECA6}.Release|Win32.Build.0 = Release|Win32
		{55D9E482-E758-3FAB-AD2E-84CD8BC3ECA6}.MinSizeRel|Win32.ActiveCfg = MinSizeRel|Win32
		{55D9E482-E758-3FAB-AD2E-84CD8BC3ECA6}.MinSizeRel|Win32.Build.0 = MinSizeRel|Win32
		{55D9E482-E758-3FAB-AD2E-84CD8BC3ECA6}.RelWithDebInfo|Win32.ActiveCfg = RelWithDebInfo|Win32
		{55D9E482-E758-3FAB-AD2E-84CD8BC3ECA6}.RelWithDebInfo|Win32.Build.0 = RelWithDebInfo|Win32
	EndGlobalSection
	GlobalSection(NestedProjects) = preSolution
		{F5EF912B-4AC3-3D3F-BE87-4895FAF0DCF2} = {A170D607-0526-3FB2-A913-0EC922E049D6}
		{6AA69181-5641-34C7-B4C2-370AF8DC1906} = {A170D607-0526-3FB2-A913-0EC922E049D6}
		{42D0B08A-F448-3144-A1E7-10B90E490AE4} = {A170D607-0526-3FB2-A913-0EC922E049D6}
		{88357AEA-3E2C-3AF9-B1F2-1F5FCCE5E2CE} = {96D1B119-EFEB-3BC2-89E1-CECFE49A24DC}
		{1B6CAD0F-CE50-340C-86FE-5FF1269E26EE} = {96D1B119-EFEB-3BC2-89E1-CECFE49A24DC}
		{B7B2BCDB-0EC0-34C9-9044-AB4E09A19D47} = {96D1B119-EFEB-3BC2-89E1-CECFE49A24DC}
		{0D845035-2A45-33C1-8017-9AACBB12844C} = {88357AEA-3E2C-3AF9-B1F2-1F5FCCE5E2CE}
		{E1CD0D9F-B40F-3C50-A988-1459A5EE28E4} = {88357AEA-3E2C-3AF9-B1F2-1F5FCCE5E2CE}
		{21F4B1CE-0C98-360E-BBAA-5687FECE1E65} = {88357AEA-3E2C-3AF9-B1F2-1F5FCCE5E2CE}
		{B31B0932-D2D9-311E-A87D-F58F9A445C82} = {88357AEA-3E2C-3AF9-B1F2-1F5FCCE5E2CE}
		{9D7DB566-DA03-3C3A-BCD2-0C9E36AF05B8} = {88357AEA-3E2C-3AF9-B1F2-1F5FCCE5E2CE}
		{8FD87EAC-5B11-3019-AD20-9FD92749F646} = {88357AEA-3E2C-3AF9-B1F2-1F5FCCE5E2CE}
		{16F3B104-2129-3B09-A54D-DCAC30C451E0} = {88357AEA-3E2C-3AF9-B1F2-1F5FCCE5E2CE}
		{B26D09DF-28AE-3EB8-B415-3C97025F942D} = {1B6CAD0F-CE50-340C-86FE-5FF1269E26EE}
		{F0271442-D51A-325D-BA7A-B38F75153CD4} = {1B6CAD0F-CE50-340C-86FE-5FF1269E26EE}
		{E6CAB6B1-F77B-3D82-8B13-C980E380FDA4} = {1B6CAD0F-CE50-340C-86FE-5FF1269E26EE}
		{18CE5A7B-1F12-3548-B0C3-2918309A1BC3} = {1B6CAD0F-CE50-340C-86FE-5FF1269E26EE}
		{BA8B20FD-269A-3208-9D6B-68A9F3437A8D} = {1B6CAD0F-CE50-340C-86FE-5FF1269E26EE}
		{39F63CF5-A879-31FD-AE85-4B1D8CB23E73} = {1B6CAD0F-CE50-340C-86FE-5FF1269E26EE}
		{F059E1AC-8B43-3495-B16E-F348EBA124EC} = {1B6CAD0F-CE50-340C-86FE-5FF1269E26EE}
		{DDF74EAD-43E8-359A-9F6E-251CB3D8EFEF} = {1B6CAD0F-CE50-340C-86FE-5FF1269E26EE}
		{A3260F06-4896-36B1-8599-9FCE44C3743C} = {1B6CAD0F-CE50-340C-86FE-5FF1269E26EE}
		{6BE738A9-5E6E-3AC6-9142-5911F7E86F04} = {1B6CAD0F-CE50-340C-86FE-5FF1269E26EE}
		{AE608467-8D1E-34F5-AC14-2F1F698BAA74} = {1B6CAD0F-CE50-340C-86FE-5FF1269E26EE}
		{0F7F97D0-A5F2-3F53-95A0-8F670A6E22B5} = {1B6CAD0F-CE50-340C-86FE-5FF1269E26EE}
		{9B984373-E37C-3DFE-B518-244E5D40EB1E} = {1B6CAD0F-CE50-340C-86FE-5FF1269E26EE}
		{C076A276-093F-3339-9A93-24D18995837D} = {1B6CAD0F-CE50-340C-86FE-5FF1269E26EE}
		{3C4EDB1B-9383-38EA-9908-8DED30A1C0E7} = {1B6CAD0F-CE50-340C-86FE-5FF1269E26EE}
		{47A9DAB2-55B3-3DD1-9974-6087CE119B9A} = {1B6CAD0F-CE50-340C-86FE-5FF1269E26EE}
		{99200796-A0AF-3BD2-98E0-22A0F8D9B1F1} = {1B6CAD0F-CE50-340C-86FE-5FF1269E26EE}
		{55D9E482-E758-3FAB-AD2E-84CD8BC3ECA6} = {1B6CAD0F-CE50-340C-86FE-5FF1269E26EE}
	EndGlobalSection
	GlobalSection(ExtensibilityGlobals) = postSolution
		SolutionGuid = {33CDA027-E21C-31CE-80FA-D1E845C25F71}
	EndGlobalSection
	GlobalSection(ExtensibilityAddIns) = postSolution
	EndGlobalSection
EndGlobal
