<?xml version="1.0" encoding="UTF-8"?>
<Project ToolsVersion="15.0" xmlns="http://schemas.microsoft.com/developer/msbuild/2003">
  <ItemGroup>
    <CustomBuild Include="C:\Users\colin\Desktop\VKRT\src\lib\glfw-3.2.1\CMakeLists.txt" />
    <CustomBuild Include="C:\Users\colin\Desktop\VKRT\src\lib\glfw-3.2.1\CMakeFiles\6d16f3560acdb34edb70d86d683f5064\uninstall.rule">
      <Filter>CMake Rules</Filter>
    </CustomBuild>
  </ItemGroup>
  <ItemGroup>
    <None Include="C:\Users\colin\Desktop\VKRT\src\lib\glfw-3.2.1\CMakeFiles\uninstall" />
  </ItemGroup>
  <ItemGroup>
    <Filter Include="CMake Rules">
      <UniqueIdentifier>{09B2755E-39FF-3FBF-98FE-81CD0D6258C1}</UniqueIdentifier>
    </Filter>
  </ItemGroup>
</Project>
